
Microsoft Visual Studio Solution File, Format Version 12.00
# Visual Studio Version 17
VisualStudioVersion = 17.13.35931.197 d17.13
MinimumVisualStudioVersion = 10.0.40219.1
Project("{FAE04EC0-301F-11D3-BF4B-00C04F79EFBC}") = "Note-Pad", "Note-Pad.csproj", "{77C5C57E-C359-4C52-9D83-F5114082016E}"
EndProject
Global
	GlobalSection(SolutionConfigurationPlatforms) = preSolution
		Debug|Any CPU = Debug|Any CPU
		Release|Any CPU = Release|Any CPU
	EndGlobalSection
	GlobalSection(ProjectConfigurationPlatforms) = postSolution
		{77C5C57E-C359-4C52-9D83-F5114082016E}.Debug|Any CPU.ActiveCfg = Debug|Any CPU
		{77C5C57E-C359-4C52-9D83-F5114082016E}.Debug|Any CPU.Build.0 = Debug|Any CPU
		{77C5C57E-C359-4C52-9D83-F5114082016E}.Release|Any CPU.ActiveCfg = Release|Any CPU
		{77C5C57E-C359-4C52-9D83-F5114082016E}.Release|Any CPU.Build.0 = Release|Any CPU
	EndGlobalSection
	GlobalSection(SolutionProperties) = preSolution
		HideSolutionNode = FALSE
	EndGlobalSection
	GlobalSection(ExtensibilityGlobals) = postSolution
		SolutionGuid = {19AAA6D6-803C-47AF-B6D0-D649536279A9}
	EndGlobalSection
EndGlobal
